// !$*UTF8*$!
{
	archiveVersion = 1;
	classes = {
	};
	objectVersion = 56;
	objects = {

/* Begin PBXBuildFile section */
		E204EA2D2C3EBF4000F9B1B0 /* NearbyStationsApp.swift in Sources */ = {isa = PBXBuildFile; fileRef = E204EA2C2C3EBF4000F9B1B0 /* NearbyStationsApp.swift */; };
		E204EA2F2C3EBF4000F9B1B0 /* MainView.swift in Sources */ = {isa = PBXBuildFile; fileRef = E204EA2E2C3EBF4000F9B1B0 /* MainView.swift */; };
		E204EA332C3EBF4100F9B1B0 /* Assets.xcassets in Resources */ = {isa = PBXBuildFile; fileRef = E204EA322C3EBF4100F9B1B0 /* Assets.xcassets */; };
		E2C6E6112C40001700C3277B /* APINetworkError.swift in Sources */ = {isa = PBXBuildFile; fileRef = E2C6E6102C40001700C3277B /* APINetworkError.swift */; };
		E2C6E6132C40007C00C3277B /* APINetworkURL.swift in Sources */ = {isa = PBXBuildFile; fileRef = E2C6E6122C40007C00C3277B /* APINetworkURL.swift */; };
		E2C6E6152C4000AD00C3277B /* APINetworkService.swift in Sources */ = {isa = PBXBuildFile; fileRef = E2C6E6142C4000AD00C3277B /* APINetworkService.swift */; };
		E2C6E6172C4001B600C3277B /* APIDataModelDTO.swift in Sources */ = {isa = PBXBuildFile; fileRef = E2C6E6162C4001B600C3277B /* APIDataModelDTO.swift */; };
		E2C6E6192C40024B00C3277B /* UserLocationMapViewModel.swift in Sources */ = {isa = PBXBuildFile; fileRef = E2C6E6182C40024B00C3277B /* UserLocationMapViewModel.swift */; };
		E2C6E61C2C4019D400C3277B /* String+Ext.swift in Sources */ = {isa = PBXBuildFile; fileRef = E2C6E61B2C4019D400C3277B /* String+Ext.swift */; };
		E2C6E61E2C401C0300C3277B /* EVSEDataModelFactory.swift in Sources */ = {isa = PBXBuildFile; fileRef = E2C6E61D2C401C0300C3277B /* EVSEDataModelFactory.swift */; };
		E2C6E6212C401CC000C3277B /* EVSEDataModel.swift in Sources */ = {isa = PBXBuildFile; fileRef = E2C6E6202C401CC000C3277B /* EVSEDataModel.swift */; };
		E2C6E6242C401D5000C3277B /* LocationService.swift in Sources */ = {isa = PBXBuildFile; fileRef = E2C6E6232C401D5000C3277B /* LocationService.swift */; };
		E2C6E6262C40201300C3277B /* CLLocationCoordinate2D+Ext.swift in Sources */ = {isa = PBXBuildFile; fileRef = E2C6E6252C40201300C3277B /* CLLocationCoordinate2D+Ext.swift */; };
		E2C6E6292C40205400C3277B /* FileManagerService.swift in Sources */ = {isa = PBXBuildFile; fileRef = E2C6E6282C40205400C3277B /* FileManagerService.swift */; };
		E2C6E62B2C40207900C3277B /* FileManagerError.swift in Sources */ = {isa = PBXBuildFile; fileRef = E2C6E62A2C40207900C3277B /* FileManagerError.swift */; };
		E2C6E62D2C40212700C3277B /* EVSEDataModelHelper.swift in Sources */ = {isa = PBXBuildFile; fileRef = E2C6E62C2C40212700C3277B /* EVSEDataModelHelper.swift */; };
		E2C6E62F2C40215900C3277B /* BoundingBox.swift in Sources */ = {isa = PBXBuildFile; fileRef = E2C6E62E2C40215900C3277B /* BoundingBox.swift */; };
		E2F235412C3EEB1C0043239F /* SFSymbol.swift in Sources */ = {isa = PBXBuildFile; fileRef = E2F235402C3EEB1C0043239F /* SFSymbol.swift */; };
		E2F235442C3EEB6F0043239F /* UserLocationMapView.swift in Sources */ = {isa = PBXBuildFile; fileRef = E2F235432C3EEB6F0043239F /* UserLocationMapView.swift */; };
		E2F235472C3EEB9E0043239F /* ChargingStationListView.swift in Sources */ = {isa = PBXBuildFile; fileRef = E2F235462C3EEB9E0043239F /* ChargingStationListView.swift */; };
/* End PBXBuildFile section */

/* Begin PBXFileReference section */
		E204EA292C3EBF4000F9B1B0 /* NearbyStations.app */ = {isa = PBXFileReference; explicitFileType = wrapper.application; includeInIndex = 0; path = NearbyStations.app; sourceTree = BUILT_PRODUCTS_DIR; };
		E204EA2C2C3EBF4000F9B1B0 /* NearbyStationsApp.swift */ = {isa = PBXFileReference; lastKnownFileType = sourcecode.swift; path = NearbyStationsApp.swift; sourceTree = "<group>"; };
		E204EA2E2C3EBF4000F9B1B0 /* MainView.swift */ = {isa = PBXFileReference; lastKnownFileType = sourcecode.swift; path = MainView.swift; sourceTree = "<group>"; };
		E204EA322C3EBF4100F9B1B0 /* Assets.xcassets */ = {isa = PBXFileReference; lastKnownFileType = folder.assetcatalog; path = Assets.xcassets; sourceTree = "<group>"; };
		E2C6E60D2C3FD24400C3277B /* Info.plist */ = {isa = PBXFileReference; lastKnownFileType = text.plist.xml; path = Info.plist; sourceTree = "<group>"; };
		E2C6E6102C40001700C3277B /* APINetworkError.swift */ = {isa = PBXFileReference; lastKnownFileType = sourcecode.swift; path = APINetworkError.swift; sourceTree = "<group>"; };
		E2C6E6122C40007C00C3277B /* APINetworkURL.swift */ = {isa = PBXFileReference; lastKnownFileType = sourcecode.swift; path = APINetworkURL.swift; sourceTree = "<group>"; };
		E2C6E6142C4000AD00C3277B /* APINetworkService.swift */ = {isa = PBXFileReference; lastKnownFileType = sourcecode.swift; path = APINetworkService.swift; sourceTree = "<group>"; };
		E2C6E6162C4001B600C3277B /* APIDataModelDTO.swift */ = {isa = PBXFileReference; lastKnownFileType = sourcecode.swift; path = APIDataModelDTO.swift; sourceTree = "<group>"; };
		E2C6E6182C40024B00C3277B /* UserLocationMapViewModel.swift */ = {isa = PBXFileReference; lastKnownFileType = sourcecode.swift; path = UserLocationMapViewModel.swift; sourceTree = "<group>"; };
		E2C6E61B2C4019D400C3277B /* String+Ext.swift */ = {isa = PBXFileReference; lastKnownFileType = sourcecode.swift; path = "String+Ext.swift"; sourceTree = "<group>"; };
		E2C6E61D2C401C0300C3277B /* EVSEDataModelFactory.swift */ = {isa = PBXFileReference; lastKnownFileType = sourcecode.swift; path = EVSEDataModelFactory.swift; sourceTree = "<group>"; };
		E2C6E6202C401CC000C3277B /* EVSEDataModel.swift */ = {isa = PBXFileReference; lastKnownFileType = sourcecode.swift; path = EVSEDataModel.swift; sourceTree = "<group>"; };
		E2C6E6232C401D5000C3277B /* LocationService.swift */ = {isa = PBXFileReference; lastKnownFileType = sourcecode.swift; path = LocationService.swift; sourceTree = "<group>"; };
		E2C6E6252C40201300C3277B /* CLLocationCoordinate2D+Ext.swift */ = {isa = PBXFileReference; lastKnownFileType = sourcecode.swift; path = "CLLocationCoordinate2D+Ext.swift"; sourceTree = "<group>"; };
		E2C6E6282C40205400C3277B /* FileManagerService.swift */ = {isa = PBXFileReference; lastKnownFileType = sourcecode.swift; path = FileManagerService.swift; sourceTree = "<group>"; };
		E2C6E62A2C40207900C3277B /* FileManagerError.swift */ = {isa = PBXFileReference; lastKnownFileType = sourcecode.swift; path = FileManagerError.swift; sourceTree = "<group>"; };
		E2C6E62C2C40212700C3277B /* EVSEDataModelHelper.swift */ = {isa = PBXFileReference; lastKnownFileType = sourcecode.swift; path = EVSEDataModelHelper.swift; sourceTree = "<group>"; };
		E2C6E62E2C40215900C3277B /* BoundingBox.swift */ = {isa = PBXFileReference; lastKnownFileType = sourcecode.swift; path = BoundingBox.swift; sourceTree = "<group>"; };
		E2F235402C3EEB1C0043239F /* SFSymbol.swift */ = {isa = PBXFileReference; lastKnownFileType = sourcecode.swift; path = SFSymbol.swift; sourceTree = "<group>"; };
		E2F235432C3EEB6F0043239F /* UserLocationMapView.swift */ = {isa = PBXFileReference; lastKnownFileType = sourcecode.swift; path = UserLocationMapView.swift; sourceTree = "<group>"; };
		E2F235462C3EEB9E0043239F /* ChargingStationListView.swift */ = {isa = PBXFileReference; lastKnownFileType = sourcecode.swift; path = ChargingStationListView.swift; sourceTree = "<group>"; };
/* End PBXFileReference section */

/* Begin PBXFrameworksBuildPhase section */
		E204EA262C3EBF4000F9B1B0 /* Frameworks */ = {
			isa = PBXFrameworksBuildPhase;
			buildActionMask = 2147483647;
			files = (
			);
			runOnlyForDeploymentPostprocessing = 0;
		};
/* End PBXFrameworksBuildPhase section */

/* Begin PBXGroup section */
		E204EA202C3EBF4000F9B1B0 = {
			isa = PBXGroup;
			children = (
				E204EA2B2C3EBF4000F9B1B0 /* NearbyStations */,
				E204EA2A2C3EBF4000F9B1B0 /* Products */,
			);
			sourceTree = "<group>";
		};
		E204EA2A2C3EBF4000F9B1B0 /* Products */ = {
			isa = PBXGroup;
			children = (
				E204EA292C3EBF4000F9B1B0 /* NearbyStations.app */,
			);
			name = Products;
			sourceTree = "<group>";
		};
		E204EA2B2C3EBF4000F9B1B0 /* NearbyStations */ = {
			isa = PBXGroup;
			children = (
				E2C6E60E2C3FFEBC00C3277B /* Supporting Files */,
				E2F2353E2C3ECD210043239F /* Constants */,
				E2F235382C3EC5330043239F /* Screens */,
				E2F2353F2C3ECD2D0043239F /* Services */,
				E2C6E61A2C4019C100C3277B /* Utilities */,
				E2F235372C3EC4CD0043239F /* Resources */,
			);
			path = NearbyStations;
			sourceTree = "<group>";
		};
		E2C6E60E2C3FFEBC00C3277B /* Supporting Files */ = {
			isa = PBXGroup;
			children = (
				E2C6E60D2C3FD24400C3277B /* Info.plist */,
			);
			path = "Supporting Files";
			sourceTree = "<group>";
		};
		E2C6E60F2C3FFEFA00C3277B /* API */ = {
			isa = PBXGroup;
			children = (
				E2C6E6102C40001700C3277B /* APINetworkError.swift */,
				E2C6E6122C40007C00C3277B /* APINetworkURL.swift */,
				E2C6E6142C4000AD00C3277B /* APINetworkService.swift */,
				E2C6E6162C4001B600C3277B /* APIDataModelDTO.swift */,
			);
			path = API;
			sourceTree = "<group>";
		};
		E2C6E61A2C4019C100C3277B /* Utilities */ = {
			isa = PBXGroup;
			children = (
				E2C6E6252C40201300C3277B /* CLLocationCoordinate2D+Ext.swift */,
				E2C6E61B2C4019D400C3277B /* String+Ext.swift */,
			);
			path = Utilities;
			sourceTree = "<group>";
		};
		E2C6E61F2C401C9E00C3277B /* Reusable */ = {
			isa = PBXGroup;
			children = (
				E2C6E62E2C40215900C3277B /* BoundingBox.swift */,
				E2C6E6202C401CC000C3277B /* EVSEDataModel.swift */,
				E2C6E61D2C401C0300C3277B /* EVSEDataModelFactory.swift */,
				E2C6E62C2C40212700C3277B /* EVSEDataModelHelper.swift */,
			);
			path = Reusable;
			sourceTree = "<group>";
		};
		E2C6E6222C401D3900C3277B /* Location */ = {
			isa = PBXGroup;
			children = (
				E2C6E6232C401D5000C3277B /* LocationService.swift */,
			);
			path = Location;
			sourceTree = "<group>";
		};
		E2C6E6272C40203900C3277B /* File Manager */ = {
			isa = PBXGroup;
			children = (
				E2C6E6282C40205400C3277B /* FileManagerService.swift */,
				E2C6E62A2C40207900C3277B /* FileManagerError.swift */,
			);
			path = "File Manager";
			sourceTree = "<group>";
		};
		E2F235372C3EC4CD0043239F /* Resources */ = {
			isa = PBXGroup;
			children = (
				E204EA322C3EBF4100F9B1B0 /* Assets.xcassets */,
			);
			path = Resources;
			sourceTree = "<group>";
		};
		E2F235382C3EC5330043239F /* Screens */ = {
			isa = PBXGroup;
			children = (
				E204EA2C2C3EBF4000F9B1B0 /* NearbyStationsApp.swift */,
				E2F235392C3EC61B0043239F /* Main */,
				E2F2353C2C3EC64E0043239F /* User Location Map */,
				E2F2353D2C3ECCB60043239F /* Charging Station List */,
				E2C6E61F2C401C9E00C3277B /* Reusable */,
			);
			path = Screens;
			sourceTree = "<group>";
		};
		E2F235392C3EC61B0043239F /* Main */ = {
			isa = PBXGroup;
			children = (
				E2F2353A2C3EC62A0043239F /* Views */,
			);
			path = Main;
			sourceTree = "<group>";
		};
		E2F2353A2C3EC62A0043239F /* Views */ = {
			isa = PBXGroup;
			children = (
				E204EA2E2C3EBF4000F9B1B0 /* MainView.swift */,
			);
			path = Views;
			sourceTree = "<group>";
		};
		E2F2353B2C3EC6330043239F /* ViewModels */ = {
			isa = PBXGroup;
			children = (
				E2C6E6182C40024B00C3277B /* UserLocationMapViewModel.swift */,
			);
			path = ViewModels;
			sourceTree = "<group>";
		};
		E2F2353C2C3EC64E0043239F /* User Location Map */ = {
			isa = PBXGroup;
			children = (
				E2F235422C3EEB640043239F /* Views */,
				E2F2353B2C3EC6330043239F /* ViewModels */,
			);
			path = "User Location Map";
			sourceTree = "<group>";
		};
		E2F2353D2C3ECCB60043239F /* Charging Station List */ = {
			isa = PBXGroup;
			children = (
				E2F235452C3EEB920043239F /* Views */,
			);
			path = "Charging Station List";
			sourceTree = "<group>";
		};
		E2F2353E2C3ECD210043239F /* Constants */ = {
			isa = PBXGroup;
			children = (
				E2F235402C3EEB1C0043239F /* SFSymbol.swift */,
			);
			path = Constants;
			sourceTree = "<group>";
		};
		E2F2353F2C3ECD2D0043239F /* Services */ = {
			isa = PBXGroup;
			children = (
				E2C6E60F2C3FFEFA00C3277B /* API */,
				E2C6E6222C401D3900C3277B /* Location */,
				E2C6E6272C40203900C3277B /* File Manager */,
			);
			path = Services;
			sourceTree = "<group>";
		};
		E2F235422C3EEB640043239F /* Views */ = {
			isa = PBXGroup;
			children = (
				E2F235432C3EEB6F0043239F /* UserLocationMapView.swift */,
			);
			path = Views;
			sourceTree = "<group>";
		};
		E2F235452C3EEB920043239F /* Views */ = {
			isa = PBXGroup;
			children = (
				E2F235462C3EEB9E0043239F /* ChargingStationListView.swift */,
			);
			path = Views;
			sourceTree = "<group>";
		};
/* End PBXGroup section */

/* Begin PBXNativeTarget section */
		E204EA282C3EBF4000F9B1B0 /* NearbyStations */ = {
			isa = PBXNativeTarget;
			buildConfigurationList = E204EA392C3EBF4100F9B1B0 /* Build configuration list for PBXNativeTarget "NearbyStations" */;
			buildPhases = (
				E204EA252C3EBF4000F9B1B0 /* Sources */,
				E204EA262C3EBF4000F9B1B0 /* Frameworks */,
				E204EA272C3EBF4000F9B1B0 /* Resources */,
			);
			buildRules = (
			);
			dependencies = (
			);
			name = NearbyStations;
			productName = NearbyStations;
			productReference = E204EA292C3EBF4000F9B1B0 /* NearbyStations.app */;
			productType = "com.apple.product-type.application";
		};
/* End PBXNativeTarget section */

/* Begin PBXProject section */
		E204EA212C3EBF4000F9B1B0 /* Project object */ = {
			isa = PBXProject;
			attributes = {
				BuildIndependentTargetsInParallel = 1;
				LastSwiftUpdateCheck = 1540;
				LastUpgradeCheck = 1540;
				ORGANIZATIONNAME = "";
				TargetAttributes = {
					E204EA282C3EBF4000F9B1B0 = {
						CreatedOnToolsVersion = 15.4;
					};
				};
			};
			buildConfigurationList = E204EA242C3EBF4000F9B1B0 /* Build configuration list for PBXProject "NearbyStations" */;
			compatibilityVersion = "Xcode 14.0";
			developmentRegion = en;
			hasScannedForEncodings = 0;
			knownRegions = (
				en,
				Base,
			);
			mainGroup = E204EA202C3EBF4000F9B1B0;
			productRefGroup = E204EA2A2C3EBF4000F9B1B0 /* Products */;
			projectDirPath = "";
			projectRoot = "";
			targets = (
				E204EA282C3EBF4000F9B1B0 /* NearbyStations */,
			);
		};
/* End PBXProject section */

/* Begin PBXResourcesBuildPhase section */
		E204EA272C3EBF4000F9B1B0 /* Resources */ = {
			isa = PBXResourcesBuildPhase;
			buildActionMask = 2147483647;
			files = (
				E204EA332C3EBF4100F9B1B0 /* Assets.xcassets in Resources */,
			);
			runOnlyForDeploymentPostprocessing = 0;
		};
/* End PBXResourcesBuildPhase section */

/* Begin PBXSourcesBuildPhase section */
		E204EA252C3EBF4000F9B1B0 /* Sources */ = {
			isa = PBXSourcesBuildPhase;
			buildActionMask = 2147483647;
			files = (
				E2C6E6242C401D5000C3277B /* LocationService.swift in Sources */,
				E2C6E6172C4001B600C3277B /* APIDataModelDTO.swift in Sources */,
				E2C6E6262C40201300C3277B /* CLLocationCoordinate2D+Ext.swift in Sources */,
				E204EA2F2C3EBF4000F9B1B0 /* MainView.swift in Sources */,
				E2C6E62F2C40215900C3277B /* BoundingBox.swift in Sources */,
				E2C6E6132C40007C00C3277B /* APINetworkURL.swift in Sources */,
				E2C6E6212C401CC000C3277B /* EVSEDataModel.swift in Sources */,
				E2C6E6112C40001700C3277B /* APINetworkError.swift in Sources */,
				E2F235442C3EEB6F0043239F /* UserLocationMapView.swift in Sources */,
				E204EA2D2C3EBF4000F9B1B0 /* NearbyStationsApp.swift in Sources */,
				E2F235472C3EEB9E0043239F /* ChargingStationListView.swift in Sources */,
				E2C6E62D2C40212700C3277B /* EVSEDataModelHelper.swift in Sources */,
				E2C6E62B2C40207900C3277B /* FileManagerError.swift in Sources */,
				E2C6E6192C40024B00C3277B /* UserLocationMapViewModel.swift in Sources */,
				E2C6E6152C4000AD00C3277B /* APINetworkService.swift in Sources */,
				E2F235412C3EEB1C0043239F /* SFSymbol.swift in Sources */,
				E2C6E61C2C4019D400C3277B /* String+Ext.swift in Sources */,
				E2C6E61E2C401C0300C3277B /* EVSEDataModelFactory.swift in Sources */,
				E2C6E6292C40205400C3277B /* FileManagerService.swift in Sources */,
			);
			runOnlyForDeploymentPostprocessing = 0;
		};
/* End PBXSourcesBuildPhase section */

/* Begin XCBuildConfiguration section */
		E204EA372C3EBF4100F9B1B0 /* Debug */ = {
			isa = XCBuildConfiguration;
			buildSettings = {
				ALWAYS_SEARCH_USER_PATHS = NO;
				ASSETCATALOG_COMPILER_GENERATE_SWIFT_ASSET_SYMBOL_EXTENSIONS = YES;
				CLANG_ANALYZER_NONNULL = YES;
				CLANG_ANALYZER_NUMBER_OBJECT_CONVERSION = YES_AGGRESSIVE;
				CLANG_CXX_LANGUAGE_STANDARD = "gnu++20";
				CLANG_ENABLE_MODULES = YES;
				CLANG_ENABLE_OBJC_ARC = YES;
				CLANG_ENABLE_OBJC_WEAK = YES;
				CLANG_WARN_BLOCK_CAPTURE_AUTORELEASING = YES;
				CLANG_WARN_BOOL_CONVERSION = YES;
				CLANG_WARN_COMMA = YES;
				CLANG_WARN_CONSTANT_CONVERSION = YES;
				CLANG_WARN_DEPRECATED_OBJC_IMPLEMENTATIONS = YES;
				CLANG_WARN_DIRECT_OBJC_ISA_USAGE = YES_ERROR;
				CLANG_WARN_DOCUMENTATION_COMMENTS = YES;
				CLANG_WARN_EMPTY_BODY = YES;
				CLANG_WARN_ENUM_CONVERSION = YES;
				CLANG_WARN_INFINITE_RECURSION = YES;
				CLANG_WARN_INT_CONVERSION = YES;
				CLANG_WARN_NON_LITERAL_NULL_CONVERSION = YES;
				CLANG_WARN_OBJC_IMPLICIT_RETAIN_SELF = YES;
				CLANG_WARN_OBJC_LITERAL_CONVERSION = YES;
				CLANG_WARN_OBJC_ROOT_CLASS = YES_ERROR;
				CLANG_WARN_QUOTED_INCLUDE_IN_FRAMEWORK_HEADER = YES;
				CLANG_WARN_RANGE_LOOP_ANALYSIS = YES;
				CLANG_WARN_STRICT_PROTOTYPES = YES;
				CLANG_WARN_SUSPICIOUS_MOVE = YES;
				CLANG_WARN_UNGUARDED_AVAILABILITY = YES_AGGRESSIVE;
				CLANG_WARN_UNREACHABLE_CODE = YES;
				CLANG_WARN__DUPLICATE_METHOD_MATCH = YES;
				COPY_PHASE_STRIP = NO;
				DEBUG_INFORMATION_FORMAT = dwarf;
				ENABLE_STRICT_OBJC_MSGSEND = YES;
				ENABLE_TESTABILITY = YES;
				ENABLE_USER_SCRIPT_SANDBOXING = YES;
				GCC_C_LANGUAGE_STANDARD = gnu17;
				GCC_DYNAMIC_NO_PIC = NO;
				GCC_NO_COMMON_BLOCKS = YES;
				GCC_OPTIMIZATION_LEVEL = 0;
				GCC_PREPROCESSOR_DEFINITIONS = (
					"DEBUG=1",
					"$(inherited)",
				);
				GCC_WARN_64_TO_32_BIT_CONVERSION = YES;
				GCC_WARN_ABOUT_RETURN_TYPE = YES_ERROR;
				GCC_WARN_UNDECLARED_SELECTOR = YES;
				GCC_WARN_UNINITIALIZED_AUTOS = YES_AGGRESSIVE;
				GCC_WARN_UNUSED_FUNCTION = YES;
				GCC_WARN_UNUSED_VARIABLE = YES;
				IPHONEOS_DEPLOYMENT_TARGET = 17.5;
				LOCALIZATION_PREFERS_STRING_CATALOGS = YES;
				MTL_ENABLE_DEBUG_INFO = INCLUDE_SOURCE;
				MTL_FAST_MATH = YES;
				ONLY_ACTIVE_ARCH = YES;
				SDKROOT = iphoneos;
				SWIFT_ACTIVE_COMPILATION_CONDITIONS = "DEBUG $(inherited)";
				SWIFT_OPTIMIZATION_LEVEL = "-Onone";
				SWIFT_STRICT_CONCURRENCY = complete;
			};
			name = Debug;
		};
		E204EA382C3EBF4100F9B1B0 /* Release */ = {
			isa = XCBuildConfiguration;
			buildSettings = {
				ALWAYS_SEARCH_USER_PATHS = NO;
				ASSETCATALOG_COMPILER_GENERATE_SWIFT_ASSET_SYMBOL_EXTENSIONS = YES;
				CLANG_ANALYZER_NONNULL = YES;
				CLANG_ANALYZER_NUMBER_OBJECT_CONVERSION = YES_AGGRESSIVE;
				CLANG_CXX_LANGUAGE_STANDARD = "gnu++20";
				CLANG_ENABLE_MODULES = YES;
				CLANG_ENABLE_OBJC_ARC = YES;
				CLANG_ENABLE_OBJC_WEAK = YES;
				CLANG_WARN_BLOCK_CAPTURE_AUTORELEASING = YES;
				CLANG_WARN_BOOL_CONVERSION = YES;
				CLANG_WARN_COMMA = YES;
				CLANG_WARN_CONSTANT_CONVERSION = YES;
				CLANG_WARN_DEPRECATED_OBJC_IMPLEMENTATIONS = YES;
				CLANG_WARN_DIRECT_OBJC_ISA_USAGE = YES_ERROR;
				CLANG_WARN_DOCUMENTATION_COMMENTS = YES;
				CLANG_WARN_EMPTY_BODY = YES;
				CLANG_WARN_ENUM_CONVERSION = YES;
				CLANG_WARN_INFINITE_RECURSION = YES;
				CLANG_WARN_INT_CONVERSION = YES;
				CLANG_WARN_NON_LITERAL_NULL_CONVERSION = YES;
				CLANG_WARN_OBJC_IMPLICIT_RETAIN_SELF = YES;
				CLANG_WARN_OBJC_LITERAL_CONVERSION = YES;
				CLANG_WARN_OBJC_ROOT_CLASS = YES_ERROR;
				CLANG_WARN_QUOTED_INCLUDE_IN_FRAMEWORK_HEADER = YES;
				CLANG_WARN_RANGE_LOOP_ANALYSIS = YES;
				CLANG_WARN_STRICT_PROTOTYPES = YES;
				CLANG_WARN_SUSPICIOUS_MOVE = YES;
				CLANG_WARN_UNGUARDED_AVAILABILITY = YES_AGGRESSIVE;
				CLANG_WARN_UNREACHABLE_CODE = YES;
				CLANG_WARN__DUPLICATE_METHOD_MATCH = YES;
				COPY_PHASE_STRIP = NO;
				DEBUG_INFORMATION_FORMAT = "dwarf-with-dsym";
				ENABLE_NS_ASSERTIONS = NO;
				ENABLE_STRICT_OBJC_MSGSEND = YES;
				ENABLE_USER_SCRIPT_SANDBOXING = YES;
				GCC_C_LANGUAGE_STANDARD = gnu17;
				GCC_NO_COMMON_BLOCKS = YES;
				GCC_WARN_64_TO_32_BIT_CONVERSION = YES;
				GCC_WARN_ABOUT_RETURN_TYPE = YES_ERROR;
				GCC_WARN_UNDECLARED_SELECTOR = YES;
				GCC_WARN_UNINITIALIZED_AUTOS = YES_AGGRESSIVE;
				GCC_WARN_UNUSED_FUNCTION = YES;
				GCC_WARN_UNUSED_VARIABLE = YES;
				IPHONEOS_DEPLOYMENT_TARGET = 17.5;
				LOCALIZATION_PREFERS_STRING_CATALOGS = YES;
				MTL_ENABLE_DEBUG_INFO = NO;
				MTL_FAST_MATH = YES;
				SDKROOT = iphoneos;
				SWIFT_COMPILATION_MODE = wholemodule;
				SWIFT_STRICT_CONCURRENCY = complete;
				VALIDATE_PRODUCT = YES;
			};
			name = Release;
		};
		E204EA3A2C3EBF4100F9B1B0 /* Debug */ = {
			isa = XCBuildConfiguration;
			buildSettings = {
				ASSETCATALOG_COMPILER_APPICON_NAME = AppIcon;
				ASSETCATALOG_COMPILER_GLOBAL_ACCENT_COLOR_NAME = AccentColor;
				CODE_SIGN_STYLE = Automatic;
				CURRENT_PROJECT_VERSION = 1;
				DEVELOPMENT_ASSET_PATHS = "\"NearbyStations/Resources\"";
				DEVELOPMENT_TEAM = W95FNEU9BX;
				ENABLE_PREVIEWS = YES;
				GENERATE_INFOPLIST_FILE = YES;
				INFOPLIST_FILE = "NearbyStations/Supporting Files/Info.plist";
				INFOPLIST_KEY_CFBundleDisplayName = "Nearby Stations";
				INFOPLIST_KEY_UIApplicationSceneManifest_Generation = YES;
				INFOPLIST_KEY_UIApplicationSupportsIndirectInputEvents = YES;
				INFOPLIST_KEY_UILaunchScreen_Generation = YES;
				INFOPLIST_KEY_UISupportedInterfaceOrientations_iPad = "UIInterfaceOrientationPortrait UIInterfaceOrientationPortraitUpsideDown UIInterfaceOrientationLandscapeLeft UIInterfaceOrientationLandscapeRight";
				INFOPLIST_KEY_UISupportedInterfaceOrientations_iPhone = "UIInterfaceOrientationPortrait UIInterfaceOrientationLandscapeLeft UIInterfaceOrientationLandscapeRight";
				LD_RUNPATH_SEARCH_PATHS = (
					"$(inherited)",
					"@executable_path/Frameworks",
				);
				MARKETING_VERSION = 1.0;
				PRODUCT_BUNDLE_IDENTIFIER = com.Cult4Apps.NearbyStationsApp;
				PRODUCT_NAME = "$(TARGET_NAME)";
				SWIFT_EMIT_LOC_STRINGS = YES;
				SWIFT_STRICT_CONCURRENCY = complete;
				SWIFT_VERSION = 5.0;
				TARGETED_DEVICE_FAMILY = "1,2";
			};
			name = Debug;
		};
		E204EA3B2C3EBF4100F9B1B0 /* Release */ = {
			isa = XCBuildConfiguration;
			buildSettings = {
				ASSETCATALOG_COMPILER_APPICON_NAME = AppIcon;
				ASSETCATALOG_COMPILER_GLOBAL_ACCENT_COLOR_NAME = AccentColor;
				CODE_SIGN_STYLE = Automatic;
				CURRENT_PROJECT_VERSION = 1;
				DEVELOPMENT_ASSET_PATHS = "\"NearbyStations/Resources\"";
				DEVELOPMENT_TEAM = W95FNEU9BX;
				ENABLE_PREVIEWS = YES;
				GENERATE_INFOPLIST_FILE = YES;
				INFOPLIST_FILE = "NearbyStations/Supporting Files/Info.plist";
				INFOPLIST_KEY_CFBundleDisplayName = "Nearby Stations";
				INFOPLIST_KEY_UIApplicationSceneManifest_Generation = YES;
				INFOPLIST_KEY_UIApplicationSupportsIndirectInputEvents = YES;
				INFOPLIST_KEY_UILaunchScreen_Generation = YES;
				INFOPLIST_KEY_UISupportedInterfaceOrientations_iPad = "UIInterfaceOrientationPortrait UIInterfaceOrientationPortraitUpsideDown UIInterfaceOrientationLandscapeLeft UIInterfaceOrientationLandscapeRight";
				INFOPLIST_KEY_UISupportedInterfaceOrientations_iPhone = "UIInterfaceOrientationPortrait UIInterfaceOrientationLandscapeLeft UIInterfaceOrientationLandscapeRight";
				LD_RUNPATH_SEARCH_PATHS = (
					"$(inherited)",
					"@executable_path/Frameworks",
				);
				MARKETING_VERSION = 1.0;
				PRODUCT_BUNDLE_IDENTIFIER = com.Cult4Apps.NearbyStationsApp;
				PRODUCT_NAME = "$(TARGET_NAME)";
				SWIFT_EMIT_LOC_STRINGS = YES;
				SWIFT_STRICT_CONCURRENCY = complete;
				SWIFT_VERSION = 5.0;
				TARGETED_DEVICE_FAMILY = "1,2";
			};
			name = Release;
		};
/* End XCBuildConfiguration section */

/* Begin XCConfigurationList section */
		E204EA242C3EBF4000F9B1B0 /* Build configuration list for PBXProject "NearbyStations" */ = {
			isa = XCConfigurationList;
			buildConfigurations = (
				E204EA372C3EBF4100F9B1B0 /* Debug */,
				E204EA382C3EBF4100F9B1B0 /* Release */,
			);
			defaultConfigurationIsVisible = 0;
			defaultConfigurationName = Release;
		};
		E204EA392C3EBF4100F9B1B0 /* Build configuration list for PBXNativeTarget "NearbyStations" */ = {
			isa = XCConfigurationList;
			buildConfigurations = (
				E204EA3A2C3EBF4100F9B1B0 /* Debug */,
				E204EA3B2C3EBF4100F9B1B0 /* Release */,
			);
			defaultConfigurationIsVisible = 0;
			defaultConfigurationName = Release;
		};
/* End XCConfigurationList section */
	};
	rootObject = E204EA212C3EBF4000F9B1B0 /* Project object */;
}
